
Microsoft Visual Studio Solution File, Format Version 12.00
# Visual Studio Version 17
VisualStudioVersion = 17.3.32922.545
MinimumVisualStudioVersion = 10.0.40219.1
Project("{FAE04EC0-301F-11D3-BF4B-00C04F79EFBC}") = "proj_pemdas", "proj_pemdas\proj_pemdas.csproj", "{3E823E1A-0D1E-4922-AB7E-0C5339875302}"
EndProject
Global
	GlobalSection(SolutionConfigurationPlatforms) = preSolution
		Debug|Any CPU = Debug|Any CPU
		Release|Any CPU = Release|Any CPU
	EndGlobalSection
	GlobalSection(ProjectConfigurationPlatforms) = postSolution
		{3E823E1A-0D1E-4922-AB7E-0C5339875302}.Debug|Any CPU.ActiveCfg = Debug|Any CPU
		{3E823E1A-0D1E-4922-AB7E-0C5339875302}.Debug|Any CPU.Build.0 = Debug|Any CPU
		{3E823E1A-0D1E-4922-AB7E-0C5339875302}.Release|Any CPU.ActiveCfg = Release|Any CPU
		{3E823E1A-0D1E-4922-AB7E-0C5339875302}.Release|Any CPU.Build.0 = Release|Any CPU
	EndGlobalSection
	GlobalSection(SolutionProperties) = preSolution
		HideSolutionNode = FALSE
	EndGlobalSection
	GlobalSection(ExtensibilityGlobals) = postSolution
		SolutionGuid = {B229DC5C-8152-4220-9A0C-9D34A3720F95}
	EndGlobalSection
EndGlobal
